// !$*UTF8*$!
{
	archiveVersion = 1;
	classes = {
	};
	objectVersion = 55;
	objects = {

/* Begin PBXBuildFile section */
		5FA68D8E36AA830447C117D5 /* Pods_Privi_PriviUITests.framework in Frameworks */ = {isa = PBXBuildFile; fileRef = 5C0C1109C82B1911AF6B6BB8 /* Pods_Privi_PriviUITests.framework */; };
		C4C5780571736B0AA61CFAE3 /* Pods_PriviTests.framework in Frameworks */ = {isa = PBXBuildFile; fileRef = 6AAE41A250A1877087353F5D /* Pods_PriviTests.framework */; };
		E12227FE7123D0CE7E7F3039 /* Pods_Privi.framework in Frameworks */ = {isa = PBXBuildFile; fileRef = D067380040ADAF1CA1722C63 /* Pods_Privi.framework */; };
		EC2BA3B127C3D92E00CE0AD8 /* ViewController.swift in Sources */ = {isa = PBXBuildFile; fileRef = EC2BA3B027C3D92E00CE0AD8 /* ViewController.swift */; };
		EC2BA3B727C3ED2100CE0AD8 /* Model.xcdatamodeld in Sources */ = {isa = PBXBuildFile; fileRef = EC2BA3B527C3ED2100CE0AD8 /* Model.xcdatamodeld */; };
		EC3AD68C27BD36C200A5AC14 /* AppDelegate.swift in Sources */ = {isa = PBXBuildFile; fileRef = EC3AD68B27BD36C200A5AC14 /* AppDelegate.swift */; };
		EC3AD69327BD36C200A5AC14 /* Main.storyboard in Resources */ = {isa = PBXBuildFile; fileRef = EC3AD69127BD36C200A5AC14 /* Main.storyboard */; };
		EC3AD69827BD36C300A5AC14 /* Assets.xcassets in Resources */ = {isa = PBXBuildFile; fileRef = EC3AD69727BD36C300A5AC14 /* Assets.xcassets */; };
		EC3AD69B27BD36C300A5AC14 /* LaunchScreen.storyboard in Resources */ = {isa = PBXBuildFile; fileRef = EC3AD69927BD36C300A5AC14 /* LaunchScreen.storyboard */; };
		EC3AD6A627BD36C300A5AC14 /* PriviTests.swift in Sources */ = {isa = PBXBuildFile; fileRef = EC3AD6A527BD36C300A5AC14 /* PriviTests.swift */; };
		EC3AD6B027BD36C300A5AC14 /* PriviUITests.swift in Sources */ = {isa = PBXBuildFile; fileRef = EC3AD6AF27BD36C300A5AC14 /* PriviUITests.swift */; };
		EC3AD6B227BD36C300A5AC14 /* PriviUITestsLaunchTests.swift in Sources */ = {isa = PBXBuildFile; fileRef = EC3AD6B127BD36C300A5AC14 /* PriviUITestsLaunchTests.swift */; };
/* End PBXBuildFile section */

/* Begin PBXContainerItemProxy section */
		EC3AD6A227BD36C300A5AC14 /* PBXContainerItemProxy */ = {
			isa = PBXContainerItemProxy;
			containerPortal = EC3AD68027BD36C200A5AC14 /* Project object */;
			proxyType = 1;
			remoteGlobalIDString = EC3AD68727BD36C200A5AC14;
			remoteInfo = Privi;
		};
		EC3AD6AC27BD36C300A5AC14 /* PBXContainerItemProxy */ = {
			isa = PBXContainerItemProxy;
			containerPortal = EC3AD68027BD36C200A5AC14 /* Project object */;
			proxyType = 1;
			remoteGlobalIDString = EC3AD68727BD36C200A5AC14;
			remoteInfo = Privi;
		};
/* End PBXContainerItemProxy section */

/* Begin PBXFileReference section */
		146C1C59946D6E785004BBFB /* Pods-PriviTests.debug.xcconfig */ = {isa = PBXFileReference; includeInIndex = 1; lastKnownFileType = text.xcconfig; name = "Pods-PriviTests.debug.xcconfig"; path = "Target Support Files/Pods-PriviTests/Pods-PriviTests.debug.xcconfig"; sourceTree = "<group>"; };
		4BC4AFDBFD98E4FAE30A3834 /* Pods-Privi-PriviUITests.debug.xcconfig */ = {isa = PBXFileReference; includeInIndex = 1; lastKnownFileType = text.xcconfig; name = "Pods-Privi-PriviUITests.debug.xcconfig"; path = "Target Support Files/Pods-Privi-PriviUITests/Pods-Privi-PriviUITests.debug.xcconfig"; sourceTree = "<group>"; };
		5C0C1109C82B1911AF6B6BB8 /* Pods_Privi_PriviUITests.framework */ = {isa = PBXFileReference; explicitFileType = wrapper.framework; includeInIndex = 0; path = Pods_Privi_PriviUITests.framework; sourceTree = BUILT_PRODUCTS_DIR; };
		6AAE41A250A1877087353F5D /* Pods_PriviTests.framework */ = {isa = PBXFileReference; explicitFileType = wrapper.framework; includeInIndex = 0; path = Pods_PriviTests.framework; sourceTree = BUILT_PRODUCTS_DIR; };
		B7BD35C9A5540D7C736262DA /* Pods-Privi.release.xcconfig */ = {isa = PBXFileReference; includeInIndex = 1; lastKnownFileType = text.xcconfig; name = "Pods-Privi.release.xcconfig"; path = "Target Support Files/Pods-Privi/Pods-Privi.release.xcconfig"; sourceTree = "<group>"; };
		BDC8CD4D9C8DAEE9B7D3B8B4 /* Pods-PriviTests.release.xcconfig */ = {isa = PBXFileReference; includeInIndex = 1; lastKnownFileType = text.xcconfig; name = "Pods-PriviTests.release.xcconfig"; path = "Target Support Files/Pods-PriviTests/Pods-PriviTests.release.xcconfig"; sourceTree = "<group>"; };
		D067380040ADAF1CA1722C63 /* Pods_Privi.framework */ = {isa = PBXFileReference; explicitFileType = wrapper.framework; includeInIndex = 0; path = Pods_Privi.framework; sourceTree = BUILT_PRODUCTS_DIR; };
		DBA00C59E503BCD50C76A3C8 /* Pods-Privi-PriviUITests.release.xcconfig */ = {isa = PBXFileReference; includeInIndex = 1; lastKnownFileType = text.xcconfig; name = "Pods-Privi-PriviUITests.release.xcconfig"; path = "Target Support Files/Pods-Privi-PriviUITests/Pods-Privi-PriviUITests.release.xcconfig"; sourceTree = "<group>"; };
		E13DF55F151BE90481630B44 /* Pods-Privi.debug.xcconfig */ = {isa = PBXFileReference; includeInIndex = 1; lastKnownFileType = text.xcconfig; name = "Pods-Privi.debug.xcconfig"; path = "Target Support Files/Pods-Privi/Pods-Privi.debug.xcconfig"; sourceTree = "<group>"; };
		EC2BA37327BECB6100CE0AD8 /* Privi.entitlements */ = {isa = PBXFileReference; lastKnownFileType = text.plist.entitlements; path = Privi.entitlements; sourceTree = "<group>"; };
		EC2BA3B027C3D92E00CE0AD8 /* ViewController.swift */ = {isa = PBXFileReference; fileEncoding = 4; lastKnownFileType = sourcecode.swift; path = ViewController.swift; sourceTree = "<group>"; };
		EC2BA3B627C3ED2100CE0AD8 /* Model.xcdatamodel */ = {isa = PBXFileReference; lastKnownFileType = wrapper.xcdatamodel; path = Model.xcdatamodel; sourceTree = "<group>"; };
		EC3AD68827BD36C200A5AC14 /* Privi.app */ = {isa = PBXFileReference; explicitFileType = wrapper.application; includeInIndex = 0; path = Privi.app; sourceTree = BUILT_PRODUCTS_DIR; };
		EC3AD68B27BD36C200A5AC14 /* AppDelegate.swift */ = {isa = PBXFileReference; lastKnownFileType = sourcecode.swift; path = AppDelegate.swift; sourceTree = "<group>"; };
		EC3AD69227BD36C200A5AC14 /* Base */ = {isa = PBXFileReference; lastKnownFileType = file.storyboard; name = Base; path = Base.lproj/Main.storyboard; sourceTree = "<group>"; };
		EC3AD69727BD36C300A5AC14 /* Assets.xcassets */ = {isa = PBXFileReference; lastKnownFileType = folder.assetcatalog; path = Assets.xcassets; sourceTree = "<group>"; };
		EC3AD69A27BD36C300A5AC14 /* Base */ = {isa = PBXFileReference; lastKnownFileType = file.storyboard; name = Base; path = Base.lproj/LaunchScreen.storyboard; sourceTree = "<group>"; };
		EC3AD69C27BD36C300A5AC14 /* Info.plist */ = {isa = PBXFileReference; lastKnownFileType = text.plist.xml; path = Info.plist; sourceTree = "<group>"; };
		EC3AD6A127BD36C300A5AC14 /* PriviTests.xctest */ = {isa = PBXFileReference; explicitFileType = wrapper.cfbundle; includeInIndex = 0; path = PriviTests.xctest; sourceTree = BUILT_PRODUCTS_DIR; };
		EC3AD6A527BD36C300A5AC14 /* PriviTests.swift */ = {isa = PBXFileReference; lastKnownFileType = sourcecode.swift; path = PriviTests.swift; sourceTree = "<group>"; };
		EC3AD6AB27BD36C300A5AC14 /* PriviUITests.xctest */ = {isa = PBXFileReference; explicitFileType = wrapper.cfbundle; includeInIndex = 0; path = PriviUITests.xctest; sourceTree = BUILT_PRODUCTS_DIR; };
		EC3AD6AF27BD36C300A5AC14 /* PriviUITests.swift */ = {isa = PBXFileReference; lastKnownFileType = sourcecode.swift; path = PriviUITests.swift; sourceTree = "<group>"; };
		EC3AD6B127BD36C300A5AC14 /* PriviUITestsLaunchTests.swift */ = {isa = PBXFileReference; lastKnownFileType = sourcecode.swift; path = PriviUITestsLaunchTests.swift; sourceTree = "<group>"; };
/* End PBXFileReference section */

/* Begin PBXFrameworksBuildPhase section */
		EC3AD68527BD36C200A5AC14 /* Frameworks */ = {
			isa = PBXFrameworksBuildPhase;
			buildActionMask = 2147483647;
			files = (
				E12227FE7123D0CE7E7F3039 /* Pods_Privi.framework in Frameworks */,
			);
			runOnlyForDeploymentPostprocessing = 0;
		};
		EC3AD69E27BD36C300A5AC14 /* Frameworks */ = {
			isa = PBXFrameworksBuildPhase;
			buildActionMask = 2147483647;
			files = (
				C4C5780571736B0AA61CFAE3 /* Pods_PriviTests.framework in Frameworks */,
			);
			runOnlyForDeploymentPostprocessing = 0;
		};
		EC3AD6A827BD36C300A5AC14 /* Frameworks */ = {
			isa = PBXFrameworksBuildPhase;
			buildActionMask = 2147483647;
			files = (
				5FA68D8E36AA830447C117D5 /* Pods_Privi_PriviUITests.framework in Frameworks */,
			);
			runOnlyForDeploymentPostprocessing = 0;
		};
/* End PBXFrameworksBuildPhase section */

/* Begin PBXGroup section */
		4F0E2DDB4954C527A42A11A7 /* Pods */ = {
			isa = PBXGroup;
			children = (
				E13DF55F151BE90481630B44 /* Pods-Privi.debug.xcconfig */,
				B7BD35C9A5540D7C736262DA /* Pods-Privi.release.xcconfig */,
				4BC4AFDBFD98E4FAE30A3834 /* Pods-Privi-PriviUITests.debug.xcconfig */,
				DBA00C59E503BCD50C76A3C8 /* Pods-Privi-PriviUITests.release.xcconfig */,
				146C1C59946D6E785004BBFB /* Pods-PriviTests.debug.xcconfig */,
				BDC8CD4D9C8DAEE9B7D3B8B4 /* Pods-PriviTests.release.xcconfig */,
			);
			path = Pods;
			sourceTree = "<group>";
		};
		B1E7109D4FAE5879BB9A9F8A /* Frameworks */ = {
			isa = PBXGroup;
			children = (
				D067380040ADAF1CA1722C63 /* Pods_Privi.framework */,
				5C0C1109C82B1911AF6B6BB8 /* Pods_Privi_PriviUITests.framework */,
				6AAE41A250A1877087353F5D /* Pods_PriviTests.framework */,
			);
			name = Frameworks;
			sourceTree = "<group>";
		};
		EC3AD67F27BD36C200A5AC14 = {
			isa = PBXGroup;
			children = (
				EC3AD68A27BD36C200A5AC14 /* Privi */,
				EC3AD6A427BD36C300A5AC14 /* PriviTests */,
				EC3AD6AE27BD36C300A5AC14 /* PriviUITests */,
				EC3AD68927BD36C200A5AC14 /* Products */,
				4F0E2DDB4954C527A42A11A7 /* Pods */,
				B1E7109D4FAE5879BB9A9F8A /* Frameworks */,
			);
			sourceTree = "<group>";
		};
		EC3AD68927BD36C200A5AC14 /* Products */ = {
			isa = PBXGroup;
			children = (
				EC3AD68827BD36C200A5AC14 /* Privi.app */,
				EC3AD6A127BD36C300A5AC14 /* PriviTests.xctest */,
				EC3AD6AB27BD36C300A5AC14 /* PriviUITests.xctest */,
			);
			name = Products;
			sourceTree = "<group>";
		};
		EC3AD68A27BD36C200A5AC14 /* Privi */ = {
			isa = PBXGroup;
			children = (
				EC2BA37327BECB6100CE0AD8 /* Privi.entitlements */,
				EC3AD68B27BD36C200A5AC14 /* AppDelegate.swift */,
				EC2BA3B027C3D92E00CE0AD8 /* ViewController.swift */,
				EC3AD69127BD36C200A5AC14 /* Main.storyboard */,
				EC3AD69727BD36C300A5AC14 /* Assets.xcassets */,
				EC3AD69927BD36C300A5AC14 /* LaunchScreen.storyboard */,
				EC3AD69C27BD36C300A5AC14 /* Info.plist */,
				EC2BA3B527C3ED2100CE0AD8 /* Model.xcdatamodeld */,
			);
			path = Privi;
			sourceTree = "<group>";
		};
		EC3AD6A427BD36C300A5AC14 /* PriviTests */ = {
			isa = PBXGroup;
			children = (
				EC3AD6A527BD36C300A5AC14 /* PriviTests.swift */,
			);
			path = PriviTests;
			sourceTree = "<group>";
		};
		EC3AD6AE27BD36C300A5AC14 /* PriviUITests */ = {
			isa = PBXGroup;
			children = (
				EC3AD6AF27BD36C300A5AC14 /* PriviUITests.swift */,
				EC3AD6B127BD36C300A5AC14 /* PriviUITestsLaunchTests.swift */,
			);
			path = PriviUITests;
			sourceTree = "<group>";
		};
/* End PBXGroup section */

/* Begin PBXNativeTarget section */
		EC3AD68727BD36C200A5AC14 /* Privi */ = {
			isa = PBXNativeTarget;
			buildConfigurationList = EC3AD6B527BD36C300A5AC14 /* Build configuration list for PBXNativeTarget "Privi" */;
			buildPhases = (
				571B9B8B8FD7F1CA588CB97A /* [CP] Check Pods Manifest.lock */,
				EC3AD68427BD36C200A5AC14 /* Sources */,
				EC3AD68527BD36C200A5AC14 /* Frameworks */,
				EC3AD68627BD36C200A5AC14 /* Resources */,
			);
			buildRules = (
			);
			dependencies = (
			);
			name = Privi;
			productName = Privi;
			productReference = EC3AD68827BD36C200A5AC14 /* Privi.app */;
			productType = "com.apple.product-type.application";
		};
		EC3AD6A027BD36C300A5AC14 /* PriviTests */ = {
			isa = PBXNativeTarget;
			buildConfigurationList = EC3AD6B827BD36C300A5AC14 /* Build configuration list for PBXNativeTarget "PriviTests" */;
			buildPhases = (
				E9661E71F7D366B15DC8AAF6 /* [CP] Check Pods Manifest.lock */,
				EC3AD69D27BD36C300A5AC14 /* Sources */,
				EC3AD69E27BD36C300A5AC14 /* Frameworks */,
				EC3AD69F27BD36C300A5AC14 /* Resources */,
			);
			buildRules = (
			);
			dependencies = (
				EC3AD6A327BD36C300A5AC14 /* PBXTargetDependency */,
			);
			name = PriviTests;
			productName = PriviTests;
			productReference = EC3AD6A127BD36C300A5AC14 /* PriviTests.xctest */;
			productType = "com.apple.product-type.bundle.unit-test";
		};
		EC3AD6AA27BD36C300A5AC14 /* PriviUITests */ = {
			isa = PBXNativeTarget;
			buildConfigurationList = EC3AD6BB27BD36C300A5AC14 /* Build configuration list for PBXNativeTarget "PriviUITests" */;
			buildPhases = (
				77E2D1D0885E29809C91CE8A /* [CP] Check Pods Manifest.lock */,
				EC3AD6A727BD36C300A5AC14 /* Sources */,
				EC3AD6A827BD36C300A5AC14 /* Frameworks */,
				EC3AD6A927BD36C300A5AC14 /* Resources */,
			);
			buildRules = (
			);
			dependencies = (
				EC3AD6AD27BD36C300A5AC14 /* PBXTargetDependency */,
			);
			name = PriviUITests;
			productName = PriviUITests;
			productReference = EC3AD6AB27BD36C300A5AC14 /* PriviUITests.xctest */;
			productType = "com.apple.product-type.bundle.ui-testing";
		};
/* End PBXNativeTarget section */

/* Begin PBXProject section */
		EC3AD68027BD36C200A5AC14 /* Project object */ = {
			isa = PBXProject;
			attributes = {
				BuildIndependentTargetsInParallel = 1;
				LastSwiftUpdateCheck = 1320;
				LastUpgradeCheck = 1320;
				TargetAttributes = {
					EC3AD68727BD36C200A5AC14 = {
						CreatedOnToolsVersion = 13.2.1;
					};
					EC3AD6A027BD36C300A5AC14 = {
						CreatedOnToolsVersion = 13.2.1;
						TestTargetID = EC3AD68727BD36C200A5AC14;
					};
					EC3AD6AA27BD36C300A5AC14 = {
						CreatedOnToolsVersion = 13.2.1;
						TestTargetID = EC3AD68727BD36C200A5AC14;
					};
				};
			};
			buildConfigurationList = EC3AD68327BD36C200A5AC14 /* Build configuration list for PBXProject "Privi" */;
			compatibilityVersion = "Xcode 13.0";
			developmentRegion = en;
			hasScannedForEncodings = 0;
			knownRegions = (
				en,
				Base,
			);
			mainGroup = EC3AD67F27BD36C200A5AC14;
			productRefGroup = EC3AD68927BD36C200A5AC14 /* Products */;
			projectDirPath = "";
			projectRoot = "";
			targets = (
				EC3AD68727BD36C200A5AC14 /* Privi */,
				EC3AD6A027BD36C300A5AC14 /* PriviTests */,
				EC3AD6AA27BD36C300A5AC14 /* PriviUITests */,
			);
		};
/* End PBXProject section */

/* Begin PBXResourcesBuildPhase section */
		EC3AD68627BD36C200A5AC14 /* Resources */ = {
			isa = PBXResourcesBuildPhase;
			buildActionMask = 2147483647;
			files = (
				EC3AD69B27BD36C300A5AC14 /* LaunchScreen.storyboard in Resources */,
				EC3AD69827BD36C300A5AC14 /* Assets.xcassets in Resources */,
				EC3AD69327BD36C200A5AC14 /* Main.storyboard in Resources */,
			);
			runOnlyForDeploymentPostprocessing = 0;
		};
		EC3AD69F27BD36C300A5AC14 /* Resources */ = {
			isa = PBXResourcesBuildPhase;
			buildActionMask = 2147483647;
			files = (
			);
			runOnlyForDeploymentPostprocessing = 0;
		};
		EC3AD6A927BD36C300A5AC14 /* Resources */ = {
			isa = PBXResourcesBuildPhase;
			buildActionMask = 2147483647;
			files = (
			);
			runOnlyForDeploymentPostprocessing = 0;
		};
/* End PBXResourcesBuildPhase section */

/* Begin PBXShellScriptBuildPhase section */
		571B9B8B8FD7F1CA588CB97A /* [CP] Check Pods Manifest.lock */ = {
			isa = PBXShellScriptBuildPhase;
			buildActionMask = 2147483647;
			files = (
			);
			inputFileListPaths = (
			);
			inputPaths = (
				"${PODS_PODFILE_DIR_PATH}/Podfile.lock",
				"${PODS_ROOT}/Manifest.lock",
			);
			name = "[CP] Check Pods Manifest.lock";
			outputFileListPaths = (
			);
			outputPaths = (
				"$(DERIVED_FILE_DIR)/Pods-Privi-checkManifestLockResult.txt",
			);
			runOnlyForDeploymentPostprocessing = 0;
			shellPath = /bin/sh;
			shellScript = "diff \"${PODS_PODFILE_DIR_PATH}/Podfile.lock\" \"${PODS_ROOT}/Manifest.lock\" > /dev/null\nif [ $? != 0 ] ; then\n    # print error to STDERR\n    echo \"error: The sandbox is not in sync with the Podfile.lock. Run 'pod install' or update your CocoaPods installation.\" >&2\n    exit 1\nfi\n# This output is used by Xcode 'outputs' to avoid re-running this script phase.\necho \"SUCCESS\" > \"${SCRIPT_OUTPUT_FILE_0}\"\n";
			showEnvVarsInLog = 0;
		};
		77E2D1D0885E29809C91CE8A /* [CP] Check Pods Manifest.lock */ = {
			isa = PBXShellScriptBuildPhase;
			buildActionMask = 2147483647;
			files = (
			);
			inputFileListPaths = (
			);
			inputPaths = (
				"${PODS_PODFILE_DIR_PATH}/Podfile.lock",
				"${PODS_ROOT}/Manifest.lock",
			);
			name = "[CP] Check Pods Manifest.lock";
			outputFileListPaths = (
			);
			outputPaths = (
				"$(DERIVED_FILE_DIR)/Pods-Privi-PriviUITests-checkManifestLockResult.txt",
			);
			runOnlyForDeploymentPostprocessing = 0;
			shellPath = /bin/sh;
			shellScript = "diff \"${PODS_PODFILE_DIR_PATH}/Podfile.lock\" \"${PODS_ROOT}/Manifest.lock\" > /dev/null\nif [ $? != 0 ] ; then\n    # print error to STDERR\n    echo \"error: The sandbox is not in sync with the Podfile.lock. Run 'pod install' or update your CocoaPods installation.\" >&2\n    exit 1\nfi\n# This output is used by Xcode 'outputs' to avoid re-running this script phase.\necho \"SUCCESS\" > \"${SCRIPT_OUTPUT_FILE_0}\"\n";
			showEnvVarsInLog = 0;
		};
		E9661E71F7D366B15DC8AAF6 /* [CP] Check Pods Manifest.lock */ = {
			isa = PBXShellScriptBuildPhase;
			buildActionMask = 2147483647;
			files = (
			);
			inputFileListPaths = (
			);
			inputPaths = (
				"${PODS_PODFILE_DIR_PATH}/Podfile.lock",
				"${PODS_ROOT}/Manifest.lock",
			);
			name = "[CP] Check Pods Manifest.lock";
			outputFileListPaths = (
			);
			outputPaths = (
				"$(DERIVED_FILE_DIR)/Pods-PriviTests-checkManifestLockResult.txt",
			);
			runOnlyForDeploymentPostprocessing = 0;
			shellPath = /bin/sh;
			shellScript = "diff \"${PODS_PODFILE_DIR_PATH}/Podfile.lock\" \"${PODS_ROOT}/Manifest.lock\" > /dev/null\nif [ $? != 0 ] ; then\n    # print error to STDERR\n    echo \"error: The sandbox is not in sync with the Podfile.lock. Run 'pod install' or update your CocoaPods installation.\" >&2\n    exit 1\nfi\n# This output is used by Xcode 'outputs' to avoid re-running this script phase.\necho \"SUCCESS\" > \"${SCRIPT_OUTPUT_FILE_0}\"\n";
			showEnvVarsInLog = 0;
		};
/* End PBXShellScriptBuildPhase section */

/* Begin PBXSourcesBuildPhase section */
		EC3AD68427BD36C200A5AC14 /* Sources */ = {
			isa = PBXSourcesBuildPhase;
			buildActionMask = 2147483647;
			files = (
				EC2BA3B127C3D92E00CE0AD8 /* ViewController.swift in Sources */,
				EC3AD68C27BD36C200A5AC14 /* AppDelegate.swift in Sources */,
				EC2BA3B727C3ED2100CE0AD8 /* Model.xcdatamodeld in Sources */,
			);
			runOnlyForDeploymentPostprocessing = 0;
		};
		EC3AD69D27BD36C300A5AC14 /* Sources */ = {
			isa = PBXSourcesBuildPhase;
			buildActionMask = 2147483647;
			files = (
				EC3AD6A627BD36C300A5AC14 /* PriviTests.swift in Sources */,
			);
			runOnlyForDeploymentPostprocessing = 0;
		};
		EC3AD6A727BD36C300A5AC14 /* Sources */ = {
			isa = PBXSourcesBuildPhase;
			buildActionMask = 2147483647;
			files = (
				EC3AD6B027BD36C300A5AC14 /* PriviUITests.swift in Sources */,
				EC3AD6B227BD36C300A5AC14 /* PriviUITestsLaunchTests.swift in Sources */,
			);
			runOnlyForDeploymentPostprocessing = 0;
		};
/* End PBXSourcesBuildPhase section */

/* Begin PBXTargetDependency section */
		EC3AD6A327BD36C300A5AC14 /* PBXTargetDependency */ = {
			isa = PBXTargetDependency;
			target = EC3AD68727BD36C200A5AC14 /* Privi */;
			targetProxy = EC3AD6A227BD36C300A5AC14 /* PBXContainerItemProxy */;
		};
		EC3AD6AD27BD36C300A5AC14 /* PBXTargetDependency */ = {
			isa = PBXTargetDependency;
			target = EC3AD68727BD36C200A5AC14 /* Privi */;
			targetProxy = EC3AD6AC27BD36C300A5AC14 /* PBXContainerItemProxy */;
		};
/* End PBXTargetDependency section */

/* Begin PBXVariantGroup section */
		EC3AD69127BD36C200A5AC14 /* Main.storyboard */ = {
			isa = PBXVariantGroup;
			children = (
				EC3AD69227BD36C200A5AC14 /* Base */,
			);
			name = Main.storyboard;
			sourceTree = "<group>";
		};
		EC3AD69927BD36C300A5AC14 /* LaunchScreen.storyboard */ = {
			isa = PBXVariantGroup;
			children = (
				EC3AD69A27BD36C300A5AC14 /* Base */,
			);
			name = LaunchScreen.storyboard;
			sourceTree = "<group>";
		};
/* End PBXVariantGroup section */

/* Begin XCBuildConfiguration section */
		EC3AD6B327BD36C300A5AC14 /* Debug */ = {
			isa = XCBuildConfiguration;
			buildSettings = {
				ALWAYS_SEARCH_USER_PATHS = NO;
				CLANG_ANALYZER_NONNULL = YES;
				CLANG_ANALYZER_NUMBER_OBJECT_CONVERSION = YES_AGGRESSIVE;
				CLANG_CXX_LANGUAGE_STANDARD = "gnu++17";
				CLANG_CXX_LIBRARY = "libc++";
				CLANG_ENABLE_MODULES = YES;
				CLANG_ENABLE_OBJC_ARC = YES;
				CLANG_ENABLE_OBJC_WEAK = YES;
				CLANG_WARN_BLOCK_CAPTURE_AUTORELEASING = YES;
				CLANG_WARN_BOOL_CONVERSION = YES;
				CLANG_WARN_COMMA = YES;
				CLANG_WARN_CONSTANT_CONVERSION = YES;
				CLANG_WARN_DEPRECATED_OBJC_IMPLEMENTATIONS = YES;
				CLANG_WARN_DIRECT_OBJC_ISA_USAGE = YES_ERROR;
				CLANG_WARN_DOCUMENTATION_COMMENTS = YES;
				CLANG_WARN_EMPTY_BODY = YES;
				CLANG_WARN_ENUM_CONVERSION = YES;
				CLANG_WARN_INFINITE_RECURSION = YES;
				CLANG_WARN_INT_CONVERSION = YES;
				CLANG_WARN_NON_LITERAL_NULL_CONVERSION = YES;
				CLANG_WARN_OBJC_IMPLICIT_RETAIN_SELF = YES;
				CLANG_WARN_OBJC_LITERAL_CONVERSION = YES;
				CLANG_WARN_OBJC_ROOT_CLASS = YES_ERROR;
				CLANG_WARN_QUOTED_INCLUDE_IN_FRAMEWORK_HEADER = YES;
				CLANG_WARN_RANGE_LOOP_ANALYSIS = YES;
				CLANG_WARN_STRICT_PROTOTYPES = YES;
				CLANG_WARN_SUSPICIOUS_MOVE = YES;
				CLANG_WARN_UNGUARDED_AVAILABILITY = YES_AGGRESSIVE;
				CLANG_WARN_UNREACHABLE_CODE = YES;
				CLANG_WARN__DUPLICATE_METHOD_MATCH = YES;
				COPY_PHASE_STRIP = NO;
				DEBUG_INFORMATION_FORMAT = dwarf;
				ENABLE_STRICT_OBJC_MSGSEND = YES;
				ENABLE_TESTABILITY = YES;
				GCC_C_LANGUAGE_STANDARD = gnu11;
				GCC_DYNAMIC_NO_PIC = NO;
				GCC_NO_COMMON_BLOCKS = YES;
				GCC_OPTIMIZATION_LEVEL = 0;
				GCC_PREPROCESSOR_DEFINITIONS = (
					"DEBUG=1",
					"$(inherited)",
				);
				GCC_WARN_64_TO_32_BIT_CONVERSION = YES;
				GCC_WARN_ABOUT_RETURN_TYPE = YES_ERROR;
				GCC_WARN_UNDECLARED_SELECTOR = YES;
				GCC_WARN_UNINITIALIZED_AUTOS = YES_AGGRESSIVE;
				GCC_WARN_UNUSED_FUNCTION = YES;
				GCC_WARN_UNUSED_VARIABLE = YES;
				IPHONEOS_DEPLOYMENT_TARGET = 15.2;
				MTL_ENABLE_DEBUG_INFO = INCLUDE_SOURCE;
				MTL_FAST_MATH = YES;
				ONLY_ACTIVE_ARCH = YES;
				SDKROOT = iphoneos;
				SWIFT_ACTIVE_COMPILATION_CONDITIONS = DEBUG;
				SWIFT_OPTIMIZATION_LEVEL = "-Onone";
			};
			name = Debug;
		};
		EC3AD6B427BD36C300A5AC14 /* Release */ = {
			isa = XCBuildConfiguration;
			buildSettings = {
				ALWAYS_SEARCH_USER_PATHS = NO;
				CLANG_ANALYZER_NONNULL = YES;
				CLANG_ANALYZER_NUMBER_OBJECT_CONVERSION = YES_AGGRESSIVE;
				CLANG_CXX_LANGUAGE_STANDARD = "gnu++17";
				CLANG_CXX_LIBRARY = "libc++";
				CLANG_ENABLE_MODULES = YES;
				CLANG_ENABLE_OBJC_ARC = YES;
				CLANG_ENABLE_OBJC_WEAK = YES;
				CLANG_WARN_BLOCK_CAPTURE_AUTORELEASING = YES;
				CLANG_WARN_BOOL_CONVERSION = YES;
				CLANG_WARN_COMMA = YES;
				CLANG_WARN_CONSTANT_CONVERSION = YES;
				CLANG_WARN_DEPRECATED_OBJC_IMPLEMENTATIONS = YES;
				CLANG_WARN_DIRECT_OBJC_ISA_USAGE = YES_ERROR;
				CLANG_WARN_DOCUMENTATION_COMMENTS = YES;
				CLANG_WARN_EMPTY_BODY = YES;
				CLANG_WARN_ENUM_CONVERSION = YES;
				CLANG_WARN_INFINITE_RECURSION = YES;
				CLANG_WARN_INT_CONVERSION = YES;
				CLANG_WARN_NON_LITERAL_NULL_CONVERSION = YES;
				CLANG_WARN_OBJC_IMPLICIT_RETAIN_SELF = YES;
				CLANG_WARN_OBJC_LITERAL_CONVERSION = YES;
				CLANG_WARN_OBJC_ROOT_CLASS = YES_ERROR;
				CLANG_WARN_QUOTED_INCLUDE_IN_FRAMEWORK_HEADER = YES;
				CLANG_WARN_RANGE_LOOP_ANALYSIS = YES;
				CLANG_WARN_STRICT_PROTOTYPES = YES;
				CLANG_WARN_SUSPICIOUS_MOVE = YES;
				CLANG_WARN_UNGUARDED_AVAILABILITY = YES_AGGRESSIVE;
				CLANG_WARN_UNREACHABLE_CODE = YES;
				CLANG_WARN__DUPLICATE_METHOD_MATCH = YES;
				COPY_PHASE_STRIP = NO;
				DEBUG_INFORMATION_FORMAT = "dwarf-with-dsym";
				ENABLE_NS_ASSERTIONS = NO;
				ENABLE_STRICT_OBJC_MSGSEND = YES;
				GCC_C_LANGUAGE_STANDARD = gnu11;
				GCC_NO_COMMON_BLOCKS = YES;
				GCC_WARN_64_TO_32_BIT_CONVERSION = YES;
				GCC_WARN_ABOUT_RETURN_TYPE = YES_ERROR;
				GCC_WARN_UNDECLARED_SELECTOR = YES;
				GCC_WARN_UNINITIALIZED_AUTOS = YES_AGGRESSIVE;
				GCC_WARN_UNUSED_FUNCTION = YES;
				GCC_WARN_UNUSED_VARIABLE = YES;
				IPHONEOS_DEPLOYMENT_TARGET = 15.2;
				MTL_ENABLE_DEBUG_INFO = NO;
				MTL_FAST_MATH = YES;
				SDKROOT = iphoneos;
				SWIFT_COMPILATION_MODE = wholemodule;
				SWIFT_OPTIMIZATION_LEVEL = "-O";
				VALIDATE_PRODUCT = YES;
			};
			name = Release;
		};
		EC3AD6B627BD36C300A5AC14 /* Debug */ = {
			isa = XCBuildConfiguration;
			baseConfigurationReference = E13DF55F151BE90481630B44 /* Pods-Privi.debug.xcconfig */;
			buildSettings = {
				ASSETCATALOG_COMPILER_APPICON_NAME = AppIcon;
				ASSETCATALOG_COMPILER_GLOBAL_ACCENT_COLOR_NAME = AccentColor;
				CODE_SIGN_ENTITLEMENTS = Privi/Privi.entitlements;
				CODE_SIGN_IDENTITY = "Apple Development";
				CODE_SIGN_STYLE = Automatic;
				CURRENT_PROJECT_VERSION = 1;
				DEVELOPMENT_TEAM = YS56ATA4YZ;
				GENERATE_INFOPLIST_FILE = YES;
				INFOPLIST_FILE = Privi/Info.plist;
				INFOPLIST_KEY_NSPhotoLibraryUsageDescription = "This app requires access to the photo library.";
				INFOPLIST_KEY_UIApplicationSupportsIndirectInputEvents = YES;
				INFOPLIST_KEY_UILaunchStoryboardName = LaunchScreen;
				INFOPLIST_KEY_UIMainStoryboardFile = Main;
				INFOPLIST_KEY_UIRequiredDeviceCapabilities = armv7;
				INFOPLIST_KEY_UISupportedInterfaceOrientations_iPad = "UIInterfaceOrientationPortrait UIInterfaceOrientationPortraitUpsideDown UIInterfaceOrientationLandscapeLeft UIInterfaceOrientationLandscapeRight";
				INFOPLIST_KEY_UISupportedInterfaceOrientations_iPhone = "UIInterfaceOrientationPortrait UIInterfaceOrientationLandscapeLeft UIInterfaceOrientationLandscapeRight";
				LD_RUNPATH_SEARCH_PATHS = (
					"$(inherited)",
					"@executable_path/Frameworks",
				);
				MARKETING_VERSION = 1.0;
				NEW_SETTING = "";
				PRODUCT_BUNDLE_IDENTIFIER = "com.privi-apple.priviapp.privi";
				PRODUCT_NAME = "$(TARGET_NAME)";
				PROVISIONING_PROFILE_SPECIFIER = "";
				SWIFT_EMIT_LOC_STRINGS = YES;
				SWIFT_VERSION = 5.0;
				TARGETED_DEVICE_FAMILY = 1;
			};
			name = Debug;
		};
		EC3AD6B727BD36C300A5AC14 /* Release */ = {
			isa = XCBuildConfiguration;
			baseConfigurationReference = B7BD35C9A5540D7C736262DA /* Pods-Privi.release.xcconfig */;
			buildSettings = {
				ASSETCATALOG_COMPILER_APPICON_NAME = AppIcon;
				ASSETCATALOG_COMPILER_GLOBAL_ACCENT_COLOR_NAME = AccentColor;
				CODE_SIGN_ENTITLEMENTS = Privi/Privi.entitlements;
				CODE_SIGN_IDENTITY = "Apple Development";
				CODE_SIGN_STYLE = Automatic;
				CURRENT_PROJECT_VERSION = 1;
				DEVELOPMENT_TEAM = YS56ATA4YZ;
				GENERATE_INFOPLIST_FILE = YES;
				INFOPLIST_FILE = Privi/Info.plist;
				INFOPLIST_KEY_NSPhotoLibraryUsageDescription = "This app requires access to the photo library.";
				INFOPLIST_KEY_UIApplicationSupportsIndirectInputEvents = YES;
				INFOPLIST_KEY_UILaunchStoryboardName = LaunchScreen;
				INFOPLIST_KEY_UIMainStoryboardFile = Main;
				INFOPLIST_KEY_UIRequiredDeviceCapabilities = armv7;
				INFOPLIST_KEY_UISupportedInterfaceOrientations_iPad = "UIInterfaceOrientationPortrait UIInterfaceOrientationPortraitUpsideDown UIInterfaceOrientationLandscapeLeft UIInterfaceOrientationLandscapeRight";
				INFOPLIST_KEY_UISupportedInterfaceOrientations_iPhone = "UIInterfaceOrientationPortrait UIInterfaceOrientationLandscapeLeft UIInterfaceOrientationLandscapeRight";
				LD_RUNPATH_SEARCH_PATHS = (
					"$(inherited)",
					"@executable_path/Frameworks",
				);
				MARKETING_VERSION = 1.0;
				NEW_SETTING = "";
				PRODUCT_BUNDLE_IDENTIFIER = "com.privi-apple.priviapp.privi";
				PRODUCT_NAME = "$(TARGET_NAME)";
				PROVISIONING_PROFILE_SPECIFIER = "";
				SWIFT_EMIT_LOC_STRINGS = YES;
				SWIFT_VERSION = 5.0;
				TARGETED_DEVICE_FAMILY = 1;
			};
			name = Release;
		};
		EC3AD6B927BD36C300A5AC14 /* Debug */ = {
			isa = XCBuildConfiguration;
			baseConfigurationReference = 146C1C59946D6E785004BBFB /* Pods-PriviTests.debug.xcconfig */;
			buildSettings = {
				ALWAYS_EMBED_SWIFT_STANDARD_LIBRARIES = YES;
				BUNDLE_LOADER = "$(TEST_HOST)";
				CODE_SIGN_STYLE = Automatic;
				CURRENT_PROJECT_VERSION = 1;
				DEVELOPMENT_TEAM = MHJ6Q77Q6X;
				GENERATE_INFOPLIST_FILE = YES;
				IPHONEOS_DEPLOYMENT_TARGET = 15.2;
				MARKETING_VERSION = 1.0;
				PRODUCT_BUNDLE_IDENTIFIER = Privi.PriviTests;
				PRODUCT_NAME = "$(TARGET_NAME)";
				SWIFT_EMIT_LOC_STRINGS = NO;
				SWIFT_VERSION = 5.0;
				TARGETED_DEVICE_FAMILY = "1,2";
				TEST_HOST = "$(BUILT_PRODUCTS_DIR)/Privi.app/Privi";
			};
			name = Debug;
		};
		EC3AD6BA27BD36C300A5AC14 /* Release */ = {
			isa = XCBuildConfiguration;
			baseConfigurationReference = BDC8CD4D9C8DAEE9B7D3B8B4 /* Pods-PriviTests.release.xcconfig */;
			buildSettings = {
				ALWAYS_EMBED_SWIFT_STANDARD_LIBRARIES = YES;
				BUNDLE_LOADER = "$(TEST_HOST)";
				CODE_SIGN_STYLE = Automatic;
				CURRENT_PROJECT_VERSION = 1;
				DEVELOPMENT_TEAM = MHJ6Q77Q6X;
				GENERATE_INFOPLIST_FILE = YES;
				IPHONEOS_DEPLOYMENT_TARGET = 15.2;
				MARKETING_VERSION = 1.0;
				PRODUCT_BUNDLE_IDENTIFIER = Privi.PriviTests;
				PRODUCT_NAME = "$(TARGET_NAME)";
				SWIFT_EMIT_LOC_STRINGS = NO;
				SWIFT_VERSION = 5.0;
				TARGETED_DEVICE_FAMILY = "1,2";
				TEST_HOST = "$(BUILT_PRODUCTS_DIR)/Privi.app/Privi";
			};
			name = Release;
		};
		EC3AD6BC27BD36C300A5AC14 /* Debug */ = {
			isa = XCBuildConfiguration;
			baseConfigurationReference = 4BC4AFDBFD98E4FAE30A3834 /* Pods-Privi-PriviUITests.debug.xcconfig */;
			buildSettings = {
				ALWAYS_EMBED_SWIFT_STANDARD_LIBRARIES = YES;
				CODE_SIGN_STYLE = Automatic;
				CURRENT_PROJECT_VERSION = 1;
				DEVELOPMENT_TEAM = MHJ6Q77Q6X;
				GENERATE_INFOPLIST_FILE = YES;
				MARKETING_VERSION = 1.0;
				PRODUCT_BUNDLE_IDENTIFIER = Privi.PriviUITests;
				PRODUCT_NAME = "$(TARGET_NAME)";
				SWIFT_EMIT_LOC_STRINGS = NO;
				SWIFT_VERSION = 5.0;
				TARGETED_DEVICE_FAMILY = "1,2";
				TEST_TARGET_NAME = Privi;
			};
			name = Debug;
		};
		EC3AD6BD27BD36C300A5AC14 /* Release */ = {
			isa = XCBuildConfiguration;
			baseConfigurationReference = DBA00C59E503BCD50C76A3C8 /* Pods-Privi-PriviUITests.release.xcconfig */;
			buildSettings = {
				ALWAYS_EMBED_SWIFT_STANDARD_LIBRARIES = YES;
				CODE_SIGN_STYLE = Automatic;
				CURRENT_PROJECT_VERSION = 1;
				DEVELOPMENT_TEAM = MHJ6Q77Q6X;
				GENERATE_INFOPLIST_FILE = YES;
				MARKETING_VERSION = 1.0;
				PRODUCT_BUNDLE_IDENTIFIER = Privi.PriviUITests;
				PRODUCT_NAME = "$(TARGET_NAME)";
				SWIFT_EMIT_LOC_STRINGS = NO;
				SWIFT_VERSION = 5.0;
				TARGETED_DEVICE_FAMILY = "1,2";
				TEST_TARGET_NAME = Privi;
			};
			name = Release;
		};
/* End XCBuildConfiguration section */

/* Begin XCConfigurationList section */
		EC3AD68327BD36C200A5AC14 /* Build configuration list for PBXProject "Privi" */ = {
			isa = XCConfigurationList;
			buildConfigurations = (
				EC3AD6B327BD36C300A5AC14 /* Debug */,
				EC3AD6B427BD36C300A5AC14 /* Release */,
			);
			defaultConfigurationIsVisible = 0;
			defaultConfigurationName = Release;
		};
		EC3AD6B527BD36C300A5AC14 /* Build configuration list for PBXNativeTarget "Privi" */ = {
			isa = XCConfigurationList;
			buildConfigurations = (
				EC3AD6B627BD36C300A5AC14 /* Debug */,
				EC3AD6B727BD36C300A5AC14 /* Release */,
			);
			defaultConfigurationIsVisible = 0;
			defaultConfigurationName = Release;
		};
		EC3AD6B827BD36C300A5AC14 /* Build configuration list for PBXNativeTarget "PriviTests" */ = {
			isa = XCConfigurationList;
			buildConfigurations = (
				EC3AD6B927BD36C300A5AC14 /* Debug */,
				EC3AD6BA27BD36C300A5AC14 /* Release */,
			);
			defaultConfigurationIsVisible = 0;
			defaultConfigurationName = Release;
		};
		EC3AD6BB27BD36C300A5AC14 /* Build configuration list for PBXNativeTarget "PriviUITests" */ = {
			isa = XCConfigurationList;
			buildConfigurations = (
				EC3AD6BC27BD36C300A5AC14 /* Debug */,
				EC3AD6BD27BD36C300A5AC14 /* Release */,
			);
			defaultConfigurationIsVisible = 0;
			defaultConfigurationName = Release;
		};
/* End XCConfigurationList section */

/* Begin XCVersionGroup section */
		EC2BA3B527C3ED2100CE0AD8 /* Model.xcdatamodeld */ = {
			isa = XCVersionGroup;
			children = (
				EC2BA3B627C3ED2100CE0AD8 /* Model.xcdatamodel */,
			);
			currentVersion = EC2BA3B627C3ED2100CE0AD8 /* Model.xcdatamodel */;
			path = Model.xcdatamodeld;
			sourceTree = "<group>";
			versionGroupType = wrapper.xcdatamodel;
		};
/* End XCVersionGroup section */
	};
	rootObject = EC3AD68027BD36C200A5AC14 /* Project object */;
}
